{
  "originHash" : "56dd968f6f29868791c205f00139683d1ababd7689a255bdf206bc7843f6444f",
  "pins" : [
    {
      "identity" : "alerttoast",
      "kind" : "remoteSourceControl",
      "location" : "https://github.com/elai950/AlertToast.git",
      "state" : {
        "branch" : "master",
        "revision" : "76a1c1793cd3443001c20c6033beb84453b25d9f"
      }
    },
    {
      "identity" : "anycodable",
      "kind" : "remoteSourceControl",
      "location" : "https://github.com/Flight-School/AnyCodable",
      "state" : {
        "revision" : "862808b2070cd908cb04f9aafe7de83d35f81b05",
        "version" : "0.6.7"
      }
    },
    {
      "identity" : "chocofordkit",
      "kind" : "remoteSourceControl",
      "location" : "https://github.com/chocoford/ChocofordKit.git",
      "state" : {
        "branch" : "main",
        "revision" : "8e7809f89c995b877e628e5b2550874b551f287f"
      }
    },
    {
      "identity" : "kingfisher",
      "kind" : "remoteSourceControl",
      "location" : "https://github.com/onevcat/Kingfisher.git",
      "state" : {
        "revision" : "ac632bd26a1c00f139ff62fd01806f21cf67325e",
        "version" : "8.10.0"
      }
    },
    {
      "identity" : "llmcore",
      "kind" : "remoteSourceControl",
      "location" : "https://github.com/chocoford/LLMCore.git",
      "state" : {
        "branch" : "main",
        "revision" : "b2dc30680b24904a30cd2a0ee423537cbada4031"
      }
    },
    {
      "identity" : "openai",
      "kind" : "remoteSourceControl",
      "location" : "https://github.com/MacPaw/OpenAI.git",
      "state" : {
        "branch" : "main",
        "revision" : "4ea7b3906e4c24bbc4870aab2888a98d30dff386"
      }
    },
    {
      "identity" : "sfsafesymbols",
      "kind" : "remoteSourceControl",
      "location" : "https://github.com/SFSafeSymbols/SFSafeSymbols.git",
      "state" : {
        "revision" : "e01b3d4f861412f8dcee8d93c417d2c2b0cdfd77",
        "version" : "7.0.0"
      }
    },
    {
      "identity" : "shapebuilder",
      "kind" : "remoteSourceControl",
      "location" : "https://github.com/ohitsdaniel/ShapeBuilder.git",
      "state" : {
        "revision" : "39f80d64136d90faf85956bf876967242b0f4663",
        "version" : "0.1.1"
      }
    },
    {
      "identity" : "splitview",
      "kind" : "remoteSourceControl",
      "location" : "https://github.com/stevengharris/SplitView.git",
      "state" : {
        "revision" : "7737a80740919c2fa94a6e64f870d37ef77b9b5f",
        "version" : "3.5.3"
      }
    },
    {
      "identity" : "swift-http-types",
      "kind" : "remoteSourceControl",
      "location" : "https://github.com/apple/swift-http-types",
      "state" : {
        "revision" : "db774a277f60063a32d854f2980299caf06da041",
        "version" : "1.6.0"
      }
    },
    {
      "identity" : "swift-log",
      "kind" : "remoteSourceControl",
      "location" : "https://github.com/apple/swift-log.git",
      "state" : {
        "revision" : "a878e7f8f46cfc0e1125e565b5c08e7d5272dc9a",
        "version" : "1.14.0"
      }
    },
    {
      "identity" : "swift-openapi-runtime",
      "kind" : "remoteSourceControl",
      "location" : "https://github.com/apple/swift-openapi-runtime",
      "state" : {
        "revision" : "3d3a8457661daf7fb260ceeb9f0e24e5204ba5fb",
        "version" : "1.12.0"
      }
    },
    {
      "identity" : "swiftui-introspect",
      "kind" : "remoteSourceControl",
      "location" : "https://github.com/siteline/swiftui-introspect",
      "state" : {
        "revision" : "9bedf1e79c7b7c34b35b74bef126f56d2400ef7f",
        "version" : "1.4.0-beta.4"
      }
    },
    {
      "identity" : "swiftui-shimmer",
      "kind" : "remoteSourceControl",
      "location" : "https://github.com/markiv/SwiftUI-Shimmer.git",
      "state" : {
        "revision" : "0226e21f9bf355d40e07e5f5e1c33679d50e167f",
        "version" : "1.5.1"
      }
    },
    {
      "identity" : "swiftyalert",
      "kind" : "remoteSourceControl",
      "location" : "https://github.com/chocoford/SwiftyAlert.git",
      "state" : {
        "branch" : "dev",
        "revision" : "a079333861f767e14f6d32d8eb7110dcaee2db5d"
      }
    }
  ],
  "version" : 3
}
